
Microsoft Visual Studio Solution File, Format Version 12.00
# Visual Studio Version 17
VisualStudioVersion = 17.5.33424.131
MinimumVisualStudioVersion = 10.0.40219.1
Project("{FAE04EC0-301F-11D3-BF4B-00C04F79EFBC}") = "SampleAppForDeploy", "SampleAppForDeploy\SampleAppForDeploy.csproj", "{1E76720B-043D-4537-B30D-AB949C49085D}"
EndProject
Global
	GlobalSection(SolutionConfigurationPlatforms) = preSolution
		Debug|Any CPU = Debug|Any CPU
		Release|Any CPU = Release|Any CPU
	EndGlobalSection
	GlobalSection(ProjectConfigurationPlatforms) = postSolution
		{1E76720B-043D-4537-B30D-AB949C49085D}.Debug|Any CPU.ActiveCfg = Debug|Any CPU
		{1E76720B-043D-4537-B30D-AB949C49085D}.Debug|Any CPU.Build.0 = Debug|Any CPU
		{1E76720B-043D-4537-B30D-AB949C49085D}.Release|Any CPU.ActiveCfg = Release|Any CPU
		{1E76720B-043D-4537-B30D-AB949C49085D}.Release|Any CPU.Build.0 = Release|Any CPU
	EndGlobalSection
	GlobalSection(SolutionProperties) = preSolution
		HideSolutionNode = FALSE
	EndGlobalSection
	GlobalSection(ExtensibilityGlobals) = postSolution
		SolutionGuid = {6F707A1D-04FE-4826-B7CD-54259EEA6A78}
	EndGlobalSection
EndGlobal
